
Microsoft Visual Studio Solution File, Format Version 12.00
# Visual Studio 15
VisualStudioVersion = 15.0.27703.2035
MinimumVisualStudioVersion = 10.0.40219.1
Project("{FAE04EC0-301F-11D3-BF4B-00C04F79EFBC}") = "Sales.Android", "Sales\Sales.Android\Sales.Android.csproj", "{C4AE2132-E3B6-47A5-92F1-4230A327F503}"
EndProject
Project("{FAE04EC0-301F-11D3-BF4B-00C04F79EFBC}") = "Sales.iOS", "Sales\Sales.iOS\Sales.iOS.csproj", "{D83BA33C-489E-415B-B538-D7B3A85A69B2}"
EndProject
Project("{FAE04EC0-301F-11D3-BF4B-00C04F79EFBC}") = "Sales.UWP", "Sales\Sales.UWP\Sales.UWP.csproj", "{FFCF85A2-5B45-4A35-9B27-5A28BE18314C}"
EndProject
Project("{FAE04EC0-301F-11D3-BF4B-00C04F79EFBC}") = "Sales", "Sales\Sales\Sales.csproj", "{00D201E2-C3CF-4ACA-B653-1F13D3FF4368}"
EndProject
Project("{FAE04EC0-301F-11D3-BF4B-00C04F79EFBC}") = "Sales.Backend", "Sales.Backend\Sales.Backend.csproj", "{4B90D69E-8509-4966-A107-8C5D0F96412E}"
EndProject
Project("{FAE04EC0-301F-11D3-BF4B-00C04F79EFBC}") = "Sales.API", "Sales.API\Sales.API.csproj", "{BBEE37F7-48B2-4295-A276-8D617D00F068}"
EndProject
Project("{FAE04EC0-301F-11D3-BF4B-00C04F79EFBC}") = "Sales.Domain", "Sales.Domain\Sales.Domain.csproj", "{BE41368F-AC54-4E0A-968A-DFF9CA0BD0F2}"
EndProject
Project("{FAE04EC0-301F-11D3-BF4B-00C04F79EFBC}") = "Sales.Common", "Sales.Common\Sales.Common.csproj", "{B3CA3821-87A2-4BC7-ACE4-626AD6F05CA8}"
EndProject
Global
	GlobalSection(SolutionConfigurationPlatforms) = preSolution
		Ad-Hoc|Any CPU = Ad-Hoc|Any CPU
		Ad-Hoc|ARM = Ad-Hoc|ARM
		Ad-Hoc|iPhone = Ad-Hoc|iPhone
		Ad-Hoc|iPhoneSimulator = Ad-Hoc|iPhoneSimulator
		Ad-Hoc|x64 = Ad-Hoc|x64
		Ad-Hoc|x86 = Ad-Hoc|x86
		AppStore|Any CPU = AppStore|Any CPU
		AppStore|ARM = AppStore|ARM
		AppStore|iPhone = AppStore|iPhone
		AppStore|iPhoneSimulator = AppStore|iPhoneSimulator
		AppStore|x64 = AppStore|x64
		AppStore|x86 = AppStore|x86
		Debug|Any CPU = Debug|Any CPU
		Debug|ARM = Debug|ARM
		Debug|iPhone = Debug|iPhone
		Debug|iPhoneSimulator = Debug|iPhoneSimulator
		Debug|x64 = Debug|x64
		Debug|x86 = Debug|x86
		Release|Any CPU = Release|Any CPU
		Release|ARM = Release|ARM
		Release|iPhone = Release|iPhone
		Release|iPhoneSimulator = Release|iPhoneSimulator
		Release|x64 = Release|x64
		Release|x86 = Release|x86
	EndGlobalSection
	GlobalSection(ProjectConfigurationPlatforms) = postSolution
		{C4AE2132-E3B6-47A5-92F1-4230A327F503}.Ad-Hoc|Any CPU.ActiveCfg = Release|Any CPU
		{C4AE2132-E3B6-47A5-92F1-4230A327F503}.Ad-Hoc|Any CPU.Build.0 = Release|Any CPU
		{C4AE2132-E3B6-47A5-92F1-4230A327F503}.Ad-Hoc|Any CPU.Deploy.0 = Release|Any CPU
		{C4AE2132-E3B6-47A5-92F1-4230A327F503}.Ad-Hoc|ARM.ActiveCfg = Release|Any CPU
		{C4AE2132-E3B6-47A5-92F1-4230A327F503}.Ad-Hoc|ARM.Build.0 = Release|Any CPU
		{C4AE2132-E3B6-47A5-92F1-4230A327F503}.Ad-Hoc|ARM.Deploy.0 = Release|Any CPU
		{C4AE2132-E3B6-47A5-92F1-4230A327F503}.Ad-Hoc|iPhone.ActiveCfg = Release|Any CPU
		{C4AE2132-E3B6-47A5-92F1-4230A327F503}.Ad-Hoc|iPhone.Build.0 = Release|Any CPU
		{C4AE2132-E3B6-47A5-92F1-4230A327F503}.Ad-Hoc|iPhone.Deploy.0 = Release|Any CPU
		{C4AE2132-E3B6-47A5-92F1-4230A327F503}.Ad-Hoc|iPhoneSimulator.ActiveCfg = Release|Any CPU
		{C4AE2132-E3B6-47A5-92F1-4230A327F503}.Ad-Hoc|iPhoneSimulator.Build.0 = Release|Any CPU
		{C4AE2132-E3B6-47A5-92F1-4230A327F503}.Ad-Hoc|iPhoneSimulator.Deploy.0 = Release|Any CPU
		{C4AE2132-E3B6-47A5-92F1-4230A327F503}.Ad-Hoc|x64.ActiveCfg = Release|Any CPU
		{C4AE2132-E3B6-47A5-92F1-4230A327F503}.Ad-Hoc|x64.Build.0 = Release|Any CPU
		{C4AE2132-E3B6-47A5-92F1-4230A327F503}.Ad-Hoc|x64.Deploy.0 = Release|Any CPU
		{C4AE2132-E3B6-47A5-92F1-4230A327F503}.Ad-Hoc|x86.ActiveCfg = Release|Any CPU
		{C4AE2132-E3B6-47A5-92F1-4230A327F503}.Ad-Hoc|x86.Build.0 = Release|Any CPU
		{C4AE2132-E3B6-47A5-92F1-4230A327F503}.Ad-Hoc|x86.Deploy.0 = Release|Any CPU
		{C4AE2132-E3B6-47A5-92F1-4230A327F503}.AppStore|Any CPU.ActiveCfg = Release|Any CPU
		{C4AE2132-E3B6-47A5-92F1-4230A327F503}.AppStore|Any CPU.Build.0 = Release|Any CPU
		{C4AE2132-E3B6-47A5-92F1-4230A327F503}.AppStore|Any CPU.Deploy.0 = Release|Any CPU
		{C4AE2132-E3B6-47A5-92F1-4230A327F503}.AppStore|ARM.ActiveCfg = Release|Any CPU
		{C4AE2132-E3B6-47A5-92F1-4230A327F503}.AppStore|ARM.Build.0 = Release|Any CPU
		{C4AE2132-E3B6-47A5-92F1-4230A327F503}.AppStore|ARM.Deploy.0 = Release|Any CPU
		{C4AE2132-E3B6-47A5-92F1-4230A327F503}.AppStore|iPhone.ActiveCfg = Release|Any CPU
		{C4AE2132-E3B6-47A5-92F1-4230A327F503}.AppStore|iPhone.Build.0 = Release|Any CPU
		{C4AE2132-E3B6-47A5-92F1-4230A327F503}.AppStore|iPhone.Deploy.0 = Release|Any CPU
		{C4AE2132-E3B6-47A5-92F1-4230A327F503}.AppStore|iPhoneSimulator.ActiveCfg = Release|Any CPU
		{C4AE2132-E3B6-47A5-92F1-4230A327F503}.AppStore|iPhoneSimulator.Build.0 = Release|Any CPU
		{C4AE2132-E3B6-47A5-92F1-4230A327F503}.AppStore|iPhoneSimulator.Deploy.0 = Release|Any CPU
		{C4AE2132-E3B6-47A5-92F1-4230A327F503}.AppStore|x64.ActiveCfg = Release|Any CPU
		{C4AE2132-E3B6-47A5-92F1-4230A327F503}.AppStore|x64.Build.0 = Release|Any CPU
		{C4AE2132-E3B6-47A5-92F1-4230A327F503}.AppStore|x64.Deploy.0 = Release|Any CPU
		{C4AE2132-E3B6-47A5-92F1-4230A327F503}.AppStore|x86.ActiveCfg = Release|Any CPU
		{C4AE2132-E3B6-47A5-92F1-4230A327F503}.AppStore|x86.Build.0 = Release|Any CPU
		{C4AE2132-E3B6-47A5-92F1-4230A327F503}.AppStore|x86.Deploy.0 = Release|Any CPU
		{C4AE2132-E3B6-47A5-92F1-4230A327F503}.Debug|Any CPU.ActiveCfg = Debug|Any CPU
		{C4AE2132-E3B6-47A5-92F1-4230A327F503}.Debug|Any CPU.Build.0 = Debug|Any CPU
		{C4AE2132-E3B6-47A5-92F1-4230A327F503}.Debug|Any CPU.Deploy.0 = Debug|Any CPU
		{C4AE2132-E3B6-47A5-92F1-4230A327F503}.Debug|ARM.ActiveCfg = Debug|Any CPU
		{C4AE2132-E3B6-47A5-92F1-4230A327F503}.Debug|ARM.Build.0 = Debug|Any CPU
		{C4AE2132-E3B6-47A5-92F1-4230A327F503}.Debug|ARM.Deploy.0 = Debug|Any CPU
		{C4AE2132-E3B6-47A5-92F1-4230A327F503}.Debug|iPhone.ActiveCfg = Debug|Any CPU
		{C4AE2132-E3B6-47A5-92F1-4230A327F503}.Debug|iPhone.Build.0 = Debug|Any CPU
		{C4AE2132-E3B6-47A5-92F1-4230A327F503}.Debug|iPhone.Deploy.0 = Debug|Any CPU
		{C4AE2132-E3B6-47A5-92F1-4230A327F503}.Debug|iPhoneSimulator.ActiveCfg = Debug|Any CPU
		{C4AE2132-E3B6-47A5-92F1-4230A327F503}.Debug|iPhoneSimulator.Build.0 = Debug|Any CPU
		{C4AE2132-E3B6-47A5-92F1-4230A327F503}.Debug|iPhoneSimulator.Deploy.0 = Debug|Any CPU
		{C4AE2132-E3B6-47A5-92F1-4230A327F503}.Debug|x64.ActiveCfg = Debug|Any CPU
		{C4AE2132-E3B6-47A5-92F1-4230A327F503}.Debug|x64.Build.0 = Debug|Any CPU
		{C4AE2132-E3B6-47A5-92F1-4230A327F503}.Debug|x64.Deploy.0 = Debug|Any CPU
		{C4AE2132-E3B6-47A5-92F1-4230A327F503}.Debug|x86.ActiveCfg = Debug|Any CPU
		{C4AE2132-E3B6-47A5-92F1-4230A327F503}.Debug|x86.Build.0 = Debug|Any CPU
		{C4AE2132-E3B6-47A5-92F1-4230A327F503}.Debug|x86.Deploy.0 = Debug|Any CPU
		{C4AE2132-E3B6-47A5-92F1-4230A327F503}.Release|Any CPU.ActiveCfg = Release|Any CPU
		{C4AE2132-E3B6-47A5-92F1-4230A327F503}.Release|Any CPU.Build.0 = Release|Any CPU
		{C4AE2132-E3B6-47A5-92F1-4230A327F503}.Release|Any CPU.Deploy.0 = Release|Any CPU
		{C4AE2132-E3B6-47A5-92F1-4230A327F503}.Release|ARM.ActiveCfg = Release|Any CPU
		{C4AE2132-E3B6-47A5-92F1-4230A327F503}.Release|ARM.Build.0 = Release|Any CPU
		{C4AE2132-E3B6-47A5-92F1-4230A327F503}.Release|ARM.Deploy.0 = Release|Any CPU
		{C4AE2132-E3B6-47A5-92F1-4230A327F503}.Release|iPhone.ActiveCfg = Release|Any CPU
		{C4AE2132-E3B6-47A5-92F1-4230A327F503}.Release|iPhone.Build.0 = Release|Any CPU
		{C4AE2132-E3B6-47A5-92F1-4230A327F503}.Release|iPhone.Deploy.0 = Release|Any CPU
		{C4AE2132-E3B6-47A5-92F1-4230A327F503}.Release|iPhoneSimulator.ActiveCfg = Release|Any CPU
		{C4AE2132-E3B6-47A5-92F1-4230A327F503}.Release|iPhoneSimulator.Build.0 = Release|Any CPU
		{C4AE2132-E3B6-47A5-92F1-4230A327F503}.Release|iPhoneSimulator.Deploy.0 = Release|Any CPU
		{C4AE2132-E3B6-47A5-92F1-4230A327F503}.Release|x64.ActiveCfg = Release|Any CPU
		{C4AE2132-E3B6-47A5-92F1-4230A327F503}.Release|x64.Build.0 = Release|Any CPU
		{C4AE2132-E3B6-47A5-92F1-4230A327F503}.Release|x64.Deploy.0 = Release|Any CPU
		{C4AE2132-E3B6-47A5-92F1-4230A327F503}.Release|x86.ActiveCfg = Release|Any CPU
		{C4AE2132-E3B6-47A5-92F1-4230A327F503}.Release|x86.Build.0 = Release|Any CPU
		{C4AE2132-E3B6-47A5-92F1-4230A327F503}.Release|x86.Deploy.0 = Release|Any CPU
		{D83BA33C-489E-415B-B538-D7B3A85A69B2}.Ad-Hoc|Any CPU.ActiveCfg = Ad-Hoc|iPhone
		{D83BA33C-489E-415B-B538-D7B3A85A69B2}.Ad-Hoc|Any CPU.Build.0 = Ad-Hoc|iPhone
		{D83BA33C-489E-415B-B538-D7B3A85A69B2}.Ad-Hoc|Any CPU.Deploy.0 = Ad-Hoc|iPhone
		{D83BA33C-489E-415B-B538-D7B3A85A69B2}.Ad-Hoc|ARM.ActiveCfg = Ad-Hoc|iPhone
		{D83BA33C-489E-415B-B538-D7B3A85A69B2}.Ad-Hoc|ARM.Build.0 = Ad-Hoc|iPhone
		{D83BA33C-489E-415B-B538-D7B3A85A69B2}.Ad-Hoc|ARM.Deploy.0 = Ad-Hoc|iPhone
		{D83BA33C-489E-415B-B538-D7B3A85A69B2}.Ad-Hoc|iPhone.ActiveCfg = Ad-Hoc|iPhone
		{D83BA33C-489E-415B-B538-D7B3A85A69B2}.Ad-Hoc|iPhone.Build.0 = Ad-Hoc|iPhone
		{D83BA33C-489E-415B-B538-D7B3A85A69B2}.Ad-Hoc|iPhone.Deploy.0 = Ad-Hoc|iPhone
		{D83BA33C-489E-415B-B538-D7B3A85A69B2}.Ad-Hoc|iPhoneSimulator.ActiveCfg = Ad-Hoc|iPhoneSimulator
		{D83BA33C-489E-415B-B538-D7B3A85A69B2}.Ad-Hoc|iPhoneSimulator.Build.0 = Ad-Hoc|iPhoneSimulator
		{D83BA33C-489E-415B-B538-D7B3A85A69B2}.Ad-Hoc|iPhoneSimulator.Deploy.0 = Ad-Hoc|iPhoneSimulator
		{D83BA33C-489E-415B-B538-D7B3A85A69B2}.Ad-Hoc|x64.ActiveCfg = Ad-Hoc|iPhone
		{D83BA33C-489E-415B-B538-D7B3A85A69B2}.Ad-Hoc|x64.Build.0 = Ad-Hoc|iPhone
		{D83BA33C-489E-415B-B538-D7B3A85A69B2}.Ad-Hoc|x64.Deploy.0 = Ad-Hoc|iPhone
		{D83BA33C-489E-415B-B538-D7B3A85A69B2}.Ad-Hoc|x86.ActiveCfg = Ad-Hoc|iPhone
		{D83BA33C-489E-415B-B538-D7B3A85A69B2}.Ad-Hoc|x86.Build.0 = Ad-Hoc|iPhone
		{D83BA33C-489E-415B-B538-D7B3A85A69B2}.Ad-Hoc|x86.Deploy.0 = Ad-Hoc|iPhone
		{D83BA33C-489E-415B-B538-D7B3A85A69B2}.AppStore|Any CPU.ActiveCfg = AppStore|iPhone
		{D83BA33C-489E-415B-B538-D7B3A85A69B2}.AppStore|Any CPU.Build.0 = AppStore|iPhone
		{D83BA33C-489E-415B-B538-D7B3A85A69B2}.AppStore|Any CPU.Deploy.0 = AppStore|iPhone
		{D83BA33C-489E-415B-B538-D7B3A85A69B2}.AppStore|ARM.ActiveCfg = AppStore|iPhone
		{D83BA33C-489E-415B-B538-D7B3A85A69B2}.AppStore|ARM.Build.0 = AppStore|iPhone
		{D83BA33C-489E-415B-B538-D7B3A85A69B2}.AppStore|ARM.Deploy.0 = AppStore|iPhone
		{D83BA33C-489E-415B-B538-D7B3A85A69B2}.AppStore|iPhone.ActiveCfg = AppStore|iPhone
		{D83BA33C-489E-415B-B538-D7B3A85A69B2}.AppStore|iPhone.Build.0 = AppStore|iPhone
		{D83BA33C-489E-415B-B538-D7B3A85A69B2}.AppStore|iPhone.Deploy.0 = AppStore|iPhone
		{D83BA33C-489E-415B-B538-D7B3A85A69B2}.AppStore|iPhoneSimulator.ActiveCfg = AppStore|iPhoneSimulator
		{D83BA33C-489E-415B-B538-D7B3A85A69B2}.AppStore|iPhoneSimulator.Build.0 = AppStore|iPhoneSimulator
		{D83BA33C-489E-415B-B538-D7B3A85A69B2}.AppStore|iPhoneSimulator.Deploy.0 = AppStore|iPhoneSimulator
		{D83BA33C-489E-415B-B538-D7B3A85A69B2}.AppStore|x64.ActiveCfg = AppStore|iPhone
		{D83BA33C-489E-415B-B538-D7B3A85A69B2}.AppStore|x64.Build.0 = AppStore|iPhone
		{D83BA33C-489E-415B-B538-D7B3A85A69B2}.AppStore|x64.Deploy.0 = AppStore|iPhone
		{D83BA33C-489E-415B-B538-D7B3A85A69B2}.AppStore|x86.ActiveCfg = AppStore|iPhone
		{D83BA33C-489E-415B-B538-D7B3A85A69B2}.AppStore|x86.Build.0 = AppStore|iPhone
		{D83BA33C-489E-415B-B538-D7B3A85A69B2}.AppStore|x86.Deploy.0 = AppStore|iPhone
		{D83BA33C-489E-415B-B538-D7B3A85A69B2}.Debug|Any CPU.ActiveCfg = Debug|iPhoneSimulator
		{D83BA33C-489E-415B-B538-D7B3A85A69B2}.Debug|Any CPU.Build.0 = Debug|iPhoneSimulator
		{D83BA33C-489E-415B-B538-D7B3A85A69B2}.Debug|Any CPU.Deploy.0 = Debug|iPhoneSimulator
		{D83BA33C-489E-415B-B538-D7B3A85A69B2}.Debug|ARM.ActiveCfg = Debug|iPhone
		{D83BA33C-489E-415B-B538-D7B3A85A69B2}.Debug|ARM.Build.0 = Debug|iPhone
		{D83BA33C-489E-415B-B538-D7B3A85A69B2}.Debug|ARM.Deploy.0 = Debug|iPhone
		{D83BA33C-489E-415B-B538-D7B3A85A69B2}.Debug|iPhone.ActiveCfg = Debug|iPhone
		{D83BA33C-489E-415B-B538-D7B3A85A69B2}.Debug|iPhone.Build.0 = Debug|iPhone
		{D83BA33C-489E-415B-B538-D7B3A85A69B2}.Debug|iPhone.Deploy.0 = Debug|iPhone
		{D83BA33C-489E-415B-B538-D7B3A85A69B2}.Debug|iPhoneSimulator.ActiveCfg = Debug|iPhoneSimulator
		{D83BA33C-489E-415B-B538-D7B3A85A69B2}.Debug|iPhoneSimulator.Build.0 = Debug|iPhoneSimulator
		{D83BA33C-489E-415B-B538-D7B3A85A69B2}.Debug|iPhoneSimulator.Deploy.0 = Debug|iPhoneSimulator
		{D83BA33C-489E-415B-B538-D7B3A85A69B2}.Debug|x64.ActiveCfg = Debug|iPhone
		{D83BA33C-489E-415B-B538-D7B3A85A69B2}.Debug|x64.Build.0 = Debug|iPhone
		{D83BA33C-489E-415B-B538-D7B3A85A69B2}.Debug|x64.Deploy.0 = Debug|iPhone
		{D83BA33C-489E-415B-B538-D7B3A85A69B2}.Debug|x86.ActiveCfg = Debug|iPhone
		{D83BA33C-489E-415B-B538-D7B3A85A69B2}.Debug|x86.Build.0 = Debug|iPhone
		{D83BA33C-489E-415B-B538-D7B3A85A69B2}.Debug|x86.Deploy.0 = Debug|iPhone
		{D83BA33C-489E-415B-B538-D7B3A85A69B2}.Release|Any CPU.ActiveCfg = Release|iPhone
		{D83BA33C-489E-415B-B538-D7B3A85A69B2}.Release|Any CPU.Build.0 = Release|iPhone
		{D83BA33C-489E-415B-B538-D7B3A85A69B2}.Release|Any CPU.Deploy.0 = Release|iPhone
		{D83BA33C-489E-415B-B538-D7B3A85A69B2}.Release|ARM.ActiveCfg = Release|iPhone
		{D83BA33C-489E-415B-B538-D7B3A85A69B2}.Release|ARM.Build.0 = Release|iPhone
		{D83BA33C-489E-415B-B538-D7B3A85A69B2}.Release|ARM.Deploy.0 = Release|iPhone
		{D83BA33C-489E-415B-B538-D7B3A85A69B2}.Release|iPhone.ActiveCfg = Release|iPhone
		{D83BA33C-489E-415B-B538-D7B3A85A69B2}.Release|iPhone.Build.0 = Release|iPhone
		{D83BA33C-489E-415B-B538-D7B3A85A69B2}.Release|iPhone.Deploy.0 = Release|iPhone
		{D83BA33C-489E-415B-B538-D7B3A85A69B2}.Release|iPhoneSimulator.ActiveCfg = Release|iPhoneSimulator
		{D83BA33C-489E-415B-B538-D7B3A85A69B2}.Release|iPhoneSimulator.Build.0 = Release|iPhoneSimulator
		{D83BA33C-489E-415B-B538-D7B3A85A69B2}.Release|iPhoneSimulator.Deploy.0 = Release|iPhoneSimulator
		{D83BA33C-489E-415B-B538-D7B3A85A69B2}.Release|x64.ActiveCfg = Release|iPhone
		{D83BA33C-489E-415B-B538-D7B3A85A69B2}.Release|x64.Build.0 = Release|iPhone
		{D83BA33C-489E-415B-B538-D7B3A85A69B2}.Release|x64.Deploy.0 = Release|iPhone
		{D83BA33C-489E-415B-B538-D7B3A85A69B2}.Release|x86.ActiveCfg = Release|iPhone
		{D83BA33C-489E-415B-B538-D7B3A85A69B2}.Release|x86.Build.0 = Release|iPhone
		{D83BA33C-489E-415B-B538-D7B3A85A69B2}.Release|x86.Deploy.0 = Release|iPhone
		{FFCF85A2-5B45-4A35-9B27-5A28BE18314C}.Ad-Hoc|Any CPU.ActiveCfg = Release|x86
		{FFCF85A2-5B45-4A35-9B27-5A28BE18314C}.Ad-Hoc|Any CPU.Build.0 = Release|x86
		{FFCF85A2-5B45-4A35-9B27-5A28BE18314C}.Ad-Hoc|Any CPU.Deploy.0 = Release|x86
		{FFCF85A2-5B45-4A35-9B27-5A28BE18314C}.Ad-Hoc|ARM.ActiveCfg = Release|ARM
		{FFCF85A2-5B45-4A35-9B27-5A28BE18314C}.Ad-Hoc|ARM.Build.0 = Release|ARM
		{FFCF85A2-5B45-4A35-9B27-5A28BE18314C}.Ad-Hoc|ARM.Deploy.0 = Release|ARM
		{FFCF85A2-5B45-4A35-9B27-5A28BE18314C}.Ad-Hoc|iPhone.ActiveCfg = Release|x86
		{FFCF85A2-5B45-4A35-9B27-5A28BE18314C}.Ad-Hoc|iPhone.Build.0 = Release|x86
		{FFCF85A2-5B45-4A35-9B27-5A28BE18314C}.Ad-Hoc|iPhone.Deploy.0 = Release|x86
		{FFCF85A2-5B45-4A35-9B27-5A28BE18314C}.Ad-Hoc|iPhoneSimulator.ActiveCfg = Release|x86
		{FFCF85A2-5B45-4A35-9B27-5A28BE18314C}.Ad-Hoc|iPhoneSimulator.Build.0 = Release|x86
		{FFCF85A2-5B45-4A35-9B27-5A28BE18314C}.Ad-Hoc|iPhoneSimulator.Deploy.0 = Release|x86
		{FFCF85A2-5B45-4A35-9B27-5A28BE18314C}.Ad-Hoc|x64.ActiveCfg = Release|x64
		{FFCF85A2-5B45-4A35-9B27-5A28BE18314C}.Ad-Hoc|x64.Build.0 = Release|x64
		{FFCF85A2-5B45-4A35-9B27-5A28BE18314C}.Ad-Hoc|x64.Deploy.0 = Release|x64
		{FFCF85A2-5B45-4A35-9B27-5A28BE18314C}.Ad-Hoc|x86.ActiveCfg = Release|x86
		{FFCF85A2-5B45-4A35-9B27-5A28BE18314C}.Ad-Hoc|x86.Build.0 = Release|x86
		{FFCF85A2-5B45-4A35-9B27-5A28BE18314C}.Ad-Hoc|x86.Deploy.0 = Release|x86
		{FFCF85A2-5B45-4A35-9B27-5A28BE18314C}.AppStore|Any CPU.ActiveCfg = Release|x86
		{FFCF85A2-5B45-4A35-9B27-5A28BE18314C}.AppStore|Any CPU.Build.0 = Release|x86
		{FFCF85A2-5B45-4A35-9B27-5A28BE18314C}.AppStore|Any CPU.Deploy.0 = Release|x86
		{FFCF85A2-5B45-4A35-9B27-5A28BE18314C}.AppStore|ARM.ActiveCfg = Release|ARM
		{FFCF85A2-5B45-4A35-9B27-5A28BE18314C}.AppStore|ARM.Build.0 = Release|ARM
		{FFCF85A2-5B45-4A35-9B27-5A28BE18314C}.AppStore|ARM.Deploy.0 = Release|ARM
		{FFCF85A2-5B45-4A35-9B27-5A28BE18314C}.AppStore|iPhone.ActiveCfg = Release|x86
		{FFCF85A2-5B45-4A35-9B27-5A28BE18314C}.AppStore|iPhone.Build.0 = Release|x86
		{FFCF85A2-5B45-4A35-9B27-5A28BE18314C}.AppStore|iPhone.Deploy.0 = Release|x86
		{FFCF85A2-5B45-4A35-9B27-5A28BE18314C}.AppStore|iPhoneSimulator.ActiveCfg = Release|x86
		{FFCF85A2-5B45-4A35-9B27-5A28BE18314C}.AppStore|iPhoneSimulator.Build.0 = Release|x86
		{FFCF85A2-5B45-4A35-9B27-5A28BE18314C}.AppStore|iPhoneSimulator.Deploy.0 = Release|x86
		{FFCF85A2-5B45-4A35-9B27-5A28BE18314C}.AppStore|x64.ActiveCfg = Release|x64
		{FFCF85A2-5B45-4A35-9B27-5A28BE18314C}.AppStore|x64.Build.0 = Release|x64
		{FFCF85A2-5B45-4A35-9B27-5A28BE18314C}.AppStore|x64.Deploy.0 = Release|x64
		{FFCF85A2-5B45-4A35-9B27-5A28BE18314C}.AppStore|x86.ActiveCfg = Release|x86
		{FFCF85A2-5B45-4A35-9B27-5A28BE18314C}.AppStore|x86.Build.0 = Release|x86
		{FFCF85A2-5B45-4A35-9B27-5A28BE18314C}.AppStore|x86.Deploy.0 = Release|x86
		{FFCF85A2-5B45-4A35-9B27-5A28BE18314C}.Debug|Any CPU.ActiveCfg = Debug|x86
		{FFCF85A2-5B45-4A35-9B27-5A28BE18314C}.Debug|Any CPU.Build.0 = Debug|x86
		{FFCF85A2-5B45-4A35-9B27-5A28BE18314C}.Debug|Any CPU.Deploy.0 = Debug|x86
		{FFCF85A2-5B45-4A35-9B27-5A28BE18314C}.Debug|ARM.ActiveCfg = Debug|ARM
		{FFCF85A2-5B45-4A35-9B27-5A28BE18314C}.Debug|ARM.Build.0 = Debug|ARM
		{FFCF85A2-5B45-4A35-9B27-5A28BE18314C}.Debug|ARM.Deploy.0 = Debug|ARM
		{FFCF85A2-5B45-4A35-9B27-5A28BE18314C}.Debug|iPhone.ActiveCfg = Debug|x86
		{FFCF85A2-5B45-4A35-9B27-5A28BE18314C}.Debug|iPhone.Build.0 = Debug|x86
		{FFCF85A2-5B45-4A35-9B27-5A28BE18314C}.Debug|iPhone.Deploy.0 = Debug|x86
		{FFCF85A2-5B45-4A35-9B27-5A28BE18314C}.Debug|iPhoneSimulator.ActiveCfg = Debug|x86
		{FFCF85A2-5B45-4A35-9B27-5A28BE18314C}.Debug|iPhoneSimulator.Build.0 = Debug|x86
		{FFCF85A2-5B45-4A35-9B27-5A28BE18314C}.Debug|iPhoneSimulator.Deploy.0 = Debug|x86
		{FFCF85A2-5B45-4A35-9B27-5A28BE18314C}.Debug|x64.ActiveCfg = Debug|x64
		{FFCF85A2-5B45-4A35-9B27-5A28BE18314C}.Debug|x64.Build.0 = Debug|x64
		{FFCF85A2-5B45-4A35-9B27-5A28BE18314C}.Debug|x64.Deploy.0 = Debug|x64
		{FFCF85A2-5B45-4A35-9B27-5A28BE18314C}.Debug|x86.ActiveCfg = Debug|x86
		{FFCF85A2-5B45-4A35-9B27-5A28BE18314C}.Debug|x86.Build.0 = Debug|x86
		{FFCF85A2-5B45-4A35-9B27-5A28BE18314C}.Debug|x86.Deploy.0 = Debug|x86
		{FFCF85A2-5B45-4A35-9B27-5A28BE18314C}.Release|Any CPU.ActiveCfg = Release|x86
		{FFCF85A2-5B45-4A35-9B27-5A28BE18314C}.Release|Any CPU.Build.0 = Release|x86
		{FFCF85A2-5B45-4A35-9B27-5A28BE18314C}.Release|Any CPU.Deploy.0 = Release|x86
		{FFCF85A2-5B45-4A35-9B27-5A28BE18314C}.Release|ARM.ActiveCfg = Release|ARM
		{FFCF85A2-5B45-4A35-9B27-5A28BE18314C}.Release|ARM.Build.0 = Release|ARM
		{FFCF85A2-5B45-4A35-9B27-5A28BE18314C}.Release|ARM.Deploy.0 = Release|ARM
		{FFCF85A2-5B45-4A35-9B27-5A28BE18314C}.Release|iPhone.ActiveCfg = Release|x86
		{FFCF85A2-5B45-4A35-9B27-5A28BE18314C}.Release|iPhone.Build.0 = Release|x86
		{FFCF85A2-5B45-4A35-9B27-5A28BE18314C}.Release|iPhone.Deploy.0 = Release|x86
		{FFCF85A2-5B45-4A35-9B27-5A28BE18314C}.Release|iPhoneSimulator.ActiveCfg = Release|x86
		{FFCF85A2-5B45-4A35-9B27-5A28BE18314C}.Release|iPhoneSimulator.Build.0 = Release|x86
		{FFCF85A2-5B45-4A35-9B27-5A28BE18314C}.Release|iPhoneSimulator.Deploy.0 = Release|x86
		{FFCF85A2-5B45-4A35-9B27-5A28BE18314C}.Release|x64.ActiveCfg = Release|x64
		{FFCF85A2-5B45-4A35-9B27-5A28BE18314C}.Release|x64.Build.0 = Release|x64
		{FFCF85A2-5B45-4A35-9B27-5A28BE18314C}.Release|x64.Deploy.0 = Release|x64
		{FFCF85A2-5B45-4A35-9B27-5A28BE18314C}.Release|x86.ActiveCfg = Release|x86
		{FFCF85A2-5B45-4A35-9B27-5A28BE18314C}.Release|x86.Build.0 = Release|x86
		{FFCF85A2-5B45-4A35-9B27-5A28BE18314C}.Release|x86.Deploy.0 = Release|x86
		{00D201E2-C3CF-4ACA-B653-1F13D3FF4368}.Ad-Hoc|Any CPU.ActiveCfg = Debug|Any CPU
		{00D201E2-C3CF-4ACA-B653-1F13D3FF4368}.Ad-Hoc|Any CPU.Build.0 = Debug|Any CPU
		{00D201E2-C3CF-4ACA-B653-1F13D3FF4368}.Ad-Hoc|Any CPU.Deploy.0 = Debug|Any CPU
		{00D201E2-C3CF-4ACA-B653-1F13D3FF4368}.Ad-Hoc|ARM.ActiveCfg = Debug|Any CPU
		{00D201E2-C3CF-4ACA-B653-1F13D3FF4368}.Ad-Hoc|ARM.Build.0 = Debug|Any CPU
		{00D201E2-C3CF-4ACA-B653-1F13D3FF4368}.Ad-Hoc|ARM.Deploy.0 = Debug|Any CPU
		{00D201E2-C3CF-4ACA-B653-1F13D3FF4368}.Ad-Hoc|iPhone.ActiveCfg = Debug|Any CPU
		{00D201E2-C3CF-4ACA-B653-1F13D3FF4368}.Ad-Hoc|iPhone.Build.0 = Debug|Any CPU
		{00D201E2-C3CF-4ACA-B653-1F13D3FF4368}.Ad-Hoc|iPhone.Deploy.0 = Debug|Any CPU
		{00D201E2-C3CF-4ACA-B653-1F13D3FF4368}.Ad-Hoc|iPhoneSimulator.ActiveCfg = Debug|Any CPU
		{00D201E2-C3CF-4ACA-B653-1F13D3FF4368}.Ad-Hoc|iPhoneSimulator.Build.0 = Debug|Any CPU
		{00D201E2-C3CF-4ACA-B653-1F13D3FF4368}.Ad-Hoc|iPhoneSimulator.Deploy.0 = Debug|Any CPU
		{00D201E2-C3CF-4ACA-B653-1F13D3FF4368}.Ad-Hoc|x64.ActiveCfg = Debug|Any CPU
		{00D201E2-C3CF-4ACA-B653-1F13D3FF4368}.Ad-Hoc|x64.Build.0 = Debug|Any CPU
		{00D201E2-C3CF-4ACA-B653-1F13D3FF4368}.Ad-Hoc|x64.Deploy.0 = Debug|Any CPU
		{00D201E2-C3CF-4ACA-B653-1F13D3FF4368}.Ad-Hoc|x86.ActiveCfg = Debug|Any CPU
		{00D201E2-C3CF-4ACA-B653-1F13D3FF4368}.Ad-Hoc|x86.Build.0 = Debug|Any CPU
		{00D201E2-C3CF-4ACA-B653-1F13D3FF4368}.Ad-Hoc|x86.Deploy.0 = Debug|Any CPU
		{00D201E2-C3CF-4ACA-B653-1F13D3FF4368}.AppStore|Any CPU.ActiveCfg = Debug|Any CPU
		{00D201E2-C3CF-4ACA-B653-1F13D3FF4368}.AppStore|Any CPU.Build.0 = Debug|Any CPU
		{00D201E2-C3CF-4ACA-B653-1F13D3FF4368}.AppStore|Any CPU.Deploy.0 = Debug|Any CPU
		{00D201E2-C3CF-4ACA-B653-1F13D3FF4368}.AppStore|ARM.ActiveCfg = Debug|Any CPU
		{00D201E2-C3CF-4ACA-B653-1F13D3FF4368}.AppStore|ARM.Build.0 = Debug|Any CPU
		{00D201E2-C3CF-4ACA-B653-1F13D3FF4368}.AppStore|ARM.Deploy.0 = Debug|Any CPU
		{00D201E2-C3CF-4ACA-B653-1F13D3FF4368}.AppStore|iPhone.ActiveCfg = Debug|Any CPU
		{00D201E2-C3CF-4ACA-B653-1F13D3FF4368}.AppStore|iPhone.Build.0 = Debug|Any CPU
		{00D201E2-C3CF-4ACA-B653-1F13D3FF4368}.AppStore|iPhone.Deploy.0 = Debug|Any CPU
		{00D201E2-C3CF-4ACA-B653-1F13D3FF4368}.AppStore|iPhoneSimulator.ActiveCfg = Debug|Any CPU
		{00D201E2-C3CF-4ACA-B653-1F13D3FF4368}.AppStore|iPhoneSimulator.Build.0 = Debug|Any CPU
		{00D201E2-C3CF-4ACA-B653-1F13D3FF4368}.AppStore|iPhoneSimulator.Deploy.0 = Debug|Any CPU
		{00D201E2-C3CF-4ACA-B653-1F13D3FF4368}.AppStore|x64.ActiveCfg = Debug|Any CPU
		{00D201E2-C3CF-4ACA-B653-1F13D3FF4368}.AppStore|x64.Build.0 = Debug|Any CPU
		{00D201E2-C3CF-4ACA-B653-1F13D3FF4368}.AppStore|x64.Deploy.0 = Debug|Any CPU
		{00D201E2-C3CF-4ACA-B653-1F13D3FF4368}.AppStore|x86.ActiveCfg = Debug|Any CPU
		{00D201E2-C3CF-4ACA-B653-1F13D3FF4368}.AppStore|x86.Build.0 = Debug|Any CPU
		{00D201E2-C3CF-4ACA-B653-1F13D3FF4368}.AppStore|x86.Deploy.0 = Debug|Any CPU
		{00D201E2-C3CF-4ACA-B653-1F13D3FF4368}.Debug|Any CPU.ActiveCfg = Debug|Any CPU
		{00D201E2-C3CF-4ACA-B653-1F13D3FF4368}.Debug|Any CPU.Build.0 = Debug|Any CPU
		{00D201E2-C3CF-4ACA-B653-1F13D3FF4368}.Debug|Any CPU.Deploy.0 = Debug|Any CPU
		{00D201E2-C3CF-4ACA-B653-1F13D3FF4368}.Debug|ARM.ActiveCfg = Debug|Any CPU
		{00D201E2-C3CF-4ACA-B653-1F13D3FF4368}.Debug|ARM.Build.0 = Debug|Any CPU
		{00D201E2-C3CF-4ACA-B653-1F13D3FF4368}.Debug|ARM.Deploy.0 = Debug|Any CPU
		{00D201E2-C3CF-4ACA-B653-1F13D3FF4368}.Debug|iPhone.ActiveCfg = Debug|Any CPU
		{00D201E2-C3CF-4ACA-B653-1F13D3FF4368}.Debug|iPhone.Build.0 = Debug|Any CPU
		{00D201E2-C3CF-4ACA-B653-1F13D3FF4368}.Debug|iPhone.Deploy.0 = Debug|Any CPU
		{00D201E2-C3CF-4ACA-B653-1F13D3FF4368}.Debug|iPhoneSimulator.ActiveCfg = Debug|Any CPU
		{00D201E2-C3CF-4ACA-B653-1F13D3FF4368}.Debug|iPhoneSimulator.Build.0 = Debug|Any CPU
		{00D201E2-C3CF-4ACA-B653-1F13D3FF4368}.Debug|iPhoneSimulator.Deploy.0 = Debug|Any CPU
		{00D201E2-C3CF-4ACA-B653-1F13D3FF4368}.Debug|x64.ActiveCfg = Debug|Any CPU
		{00D201E2-C3CF-4ACA-B653-1F13D3FF4368}.Debug|x64.Build.0 = Debug|Any CPU
		{00D201E2-C3CF-4ACA-B653-1F13D3FF4368}.Debug|x64.Deploy.0 = Debug|Any CPU
		{00D201E2-C3CF-4ACA-B653-1F13D3FF4368}.Debug|x86.ActiveCfg = Debug|Any CPU
		{00D201E2-C3CF-4ACA-B653-1F13D3FF4368}.Debug|x86.Build.0 = Debug|Any CPU
		{00D201E2-C3CF-4ACA-B653-1F13D3FF4368}.Debug|x86.Deploy.0 = Debug|Any CPU
		{00D201E2-C3CF-4ACA-B653-1F13D3FF4368}.Release|Any CPU.ActiveCfg = Release|Any CPU
		{00D201E2-C3CF-4ACA-B653-1F13D3FF4368}.Release|Any CPU.Build.0 = Release|Any CPU
		{00D201E2-C3CF-4ACA-B653-1F13D3FF4368}.Release|Any CPU.Deploy.0 = Release|Any CPU
		{00D201E2-C3CF-4ACA-B653-1F13D3FF4368}.Release|ARM.ActiveCfg = Release|Any CPU
		{00D201E2-C3CF-4ACA-B653-1F13D3FF4368}.Release|ARM.Build.0 = Release|Any CPU
		{00D201E2-C3CF-4ACA-B653-1F13D3FF4368}.Release|ARM.Deploy.0 = Release|Any CPU
		{00D201E2-C3CF-4ACA-B653-1F13D3FF4368}.Release|iPhone.ActiveCfg = Release|Any CPU
		{00D201E2-C3CF-4ACA-B653-1F13D3FF4368}.Release|iPhone.Build.0 = Release|Any CPU
		{00D201E2-C3CF-4ACA-B653-1F13D3FF4368}.Release|iPhone.Deploy.0 = Release|Any CPU
		{00D201E2-C3CF-4ACA-B653-1F13D3FF4368}.Release|iPhoneSimulator.ActiveCfg = Release|Any CPU
		{00D201E2-C3CF-4ACA-B653-1F13D3FF4368}.Release|iPhoneSimulator.Build.0 = Release|Any CPU
		{00D201E2-C3CF-4ACA-B653-1F13D3FF4368}.Release|iPhoneSimulator.Deploy.0 = Release|Any CPU
		{00D201E2-C3CF-4ACA-B653-1F13D3FF4368}.Release|x64.ActiveCfg = Release|Any CPU
		{00D201E2-C3CF-4ACA-B653-1F13D3FF4368}.Release|x64.Build.0 = Release|Any CPU
		{00D201E2-C3CF-4ACA-B653-1F13D3FF4368}.Release|x64.Deploy.0 = Release|Any CPU
		{00D201E2-C3CF-4ACA-B653-1F13D3FF4368}.Release|x86.ActiveCfg = Release|Any CPU
		{00D201E2-C3CF-4ACA-B653-1F13D3FF4368}.Release|x86.Build.0 = Release|Any CPU
		{00D201E2-C3CF-4ACA-B653-1F13D3FF4368}.Release|x86.Deploy.0 = Release|Any CPU
		{4B90D69E-8509-4966-A107-8C5D0F96412E}.Ad-Hoc|Any CPU.ActiveCfg = Release|Any CPU
		{4B90D69E-8509-4966-A107-8C5D0F96412E}.Ad-Hoc|Any CPU.Build.0 = Release|Any CPU
		{4B90D69E-8509-4966-A107-8C5D0F96412E}.Ad-Hoc|ARM.ActiveCfg = Release|Any CPU
		{4B90D69E-8509-4966-A107-8C5D0F96412E}.Ad-Hoc|ARM.Build.0 = Release|Any CPU
		{4B90D69E-8509-4966-A107-8C5D0F96412E}.Ad-Hoc|iPhone.ActiveCfg = Release|Any CPU
		{4B90D69E-8509-4966-A107-8C5D0F96412E}.Ad-Hoc|iPhone.Build.0 = Release|Any CPU
		{4B90D69E-8509-4966-A107-8C5D0F96412E}.Ad-Hoc|iPhoneSimulator.ActiveCfg = Release|Any CPU
		{4B90D69E-8509-4966-A107-8C5D0F96412E}.Ad-Hoc|iPhoneSimulator.Build.0 = Release|Any CPU
		{4B90D69E-8509-4966-A107-8C5D0F96412E}.Ad-Hoc|x64.ActiveCfg = Release|Any CPU
		{4B90D69E-8509-4966-A107-8C5D0F96412E}.Ad-Hoc|x64.Build.0 = Release|Any CPU
		{4B90D69E-8509-4966-A107-8C5D0F96412E}.Ad-Hoc|x86.ActiveCfg = Release|Any CPU
		{4B90D69E-8509-4966-A107-8C5D0F96412E}.Ad-Hoc|x86.Build.0 = Release|Any CPU
		{4B90D69E-8509-4966-A107-8C5D0F96412E}.AppStore|Any CPU.ActiveCfg = Release|Any CPU
		{4B90D69E-8509-4966-A107-8C5D0F96412E}.AppStore|Any CPU.Build.0 = Release|Any CPU
		{4B90D69E-8509-4966-A107-8C5D0F96412E}.AppStore|ARM.ActiveCfg = Release|Any CPU
		{4B90D69E-8509-4966-A107-8C5D0F96412E}.AppStore|ARM.Build.0 = Release|Any CPU
		{4B90D69E-8509-4966-A107-8C5D0F96412E}.AppStore|iPhone.ActiveCfg = Release|Any CPU
		{4B90D69E-8509-4966-A107-8C5D0F96412E}.AppStore|iPhone.Build.0 = Release|Any CPU
		{4B90D69E-8509-4966-A107-8C5D0F96412E}.AppStore|iPhoneSimulator.ActiveCfg = Release|Any CPU
		{4B90D69E-8509-4966-A107-8C5D0F96412E}.AppStore|iPhoneSimulator.Build.0 = Release|Any CPU
		{4B90D69E-8509-4966-A107-8C5D0F96412E}.AppStore|x64.ActiveCfg = Release|Any CPU
		{4B90D69E-8509-4966-A107-8C5D0F96412E}.AppStore|x64.Build.0 = Release|Any CPU
		{4B90D69E-8509-4966-A107-8C5D0F96412E}.AppStore|x86.ActiveCfg = Release|Any CPU
		{4B90D69E-8509-4966-A107-8C5D0F96412E}.AppStore|x86.Build.0 = Release|Any CPU
		{4B90D69E-8509-4966-A107-8C5D0F96412E}.Debug|Any CPU.ActiveCfg = Debug|Any CPU
		{4B90D69E-8509-4966-A107-8C5D0F96412E}.Debug|Any CPU.Build.0 = Debug|Any CPU
		{4B90D69E-8509-4966-A107-8C5D0F96412E}.Debug|ARM.ActiveCfg = Debug|Any CPU
		{4B90D69E-8509-4966-A107-8C5D0F96412E}.Debug|ARM.Build.0 = Debug|Any CPU
		{4B90D69E-8509-4966-A107-8C5D0F96412E}.Debug|iPhone.ActiveCfg = Debug|Any CPU
		{4B90D69E-8509-4966-A107-8C5D0F96412E}.Debug|iPhone.Build.0 = Debug|Any CPU
		{4B90D69E-8509-4966-A107-8C5D0F96412E}.Debug|iPhoneSimulator.ActiveCfg = Debug|Any CPU
		{4B90D69E-8509-4966-A107-8C5D0F96412E}.Debug|iPhoneSimulator.Build.0 = Debug|Any CPU
		{4B90D69E-8509-4966-A107-8C5D0F96412E}.Debug|x64.ActiveCfg = Debug|Any CPU
		{4B90D69E-8509-4966-A107-8C5D0F96412E}.Debug|x64.Build.0 = Debug|Any CPU
		{4B90D69E-8509-4966-A107-8C5D0F96412E}.Debug|x86.ActiveCfg = Debug|Any CPU
		{4B90D69E-8509-4966-A107-8C5D0F96412E}.Debug|x86.Build.0 = Debug|Any CPU
		{4B90D69E-8509-4966-A107-8C5D0F96412E}.Release|Any CPU.ActiveCfg = Release|Any CPU
		{4B90D69E-8509-4966-A107-8C5D0F96412E}.Release|Any CPU.Build.0 = Release|Any CPU
		{4B90D69E-8509-4966-A107-8C5D0F96412E}.Release|ARM.ActiveCfg = Release|Any CPU
		{4B90D69E-8509-4966-A107-8C5D0F96412E}.Release|ARM.Build.0 = Release|Any CPU
		{4B90D69E-8509-4966-A107-8C5D0F96412E}.Release|iPhone.ActiveCfg = Release|Any CPU
		{4B90D69E-8509-4966-A107-8C5D0F96412E}.Release|iPhone.Build.0 = Release|Any CPU
		{4B90D69E-8509-4966-A107-8C5D0F96412E}.Release|iPhoneSimulator.ActiveCfg = Release|Any CPU
		{4B90D69E-8509-4966-A107-8C5D0F96412E}.Release|iPhoneSimulator.Build.0 = Release|Any CPU
		{4B90D69E-8509-4966-A107-8C5D0F96412E}.Release|x64.ActiveCfg = Release|Any CPU
		{4B90D69E-8509-4966-A107-8C5D0F96412E}.Release|x64.Build.0 = Release|Any CPU
		{4B90D69E-8509-4966-A107-8C5D0F96412E}.Release|x86.ActiveCfg = Release|Any CPU
		{4B90D69E-8509-4966-A107-8C5D0F96412E}.Release|x86.Build.0 = Release|Any CPU
		{BBEE37F7-48B2-4295-A276-8D617D00F068}.Ad-Hoc|Any CPU.ActiveCfg = Release|Any CPU
		{BBEE37F7-48B2-4295-A276-8D617D00F068}.Ad-Hoc|Any CPU.Build.0 = Release|Any CPU
		{BBEE37F7-48B2-4295-A276-8D617D00F068}.Ad-Hoc|ARM.ActiveCfg = Release|Any CPU
		{BBEE37F7-48B2-4295-A276-8D617D00F068}.Ad-Hoc|ARM.Build.0 = Release|Any CPU
		{BBEE37F7-48B2-4295-A276-8D617D00F068}.Ad-Hoc|iPhone.ActiveCfg = Release|Any CPU
		{BBEE37F7-48B2-4295-A276-8D617D00F068}.Ad-Hoc|iPhone.Build.0 = Release|Any CPU
		{BBEE37F7-48B2-4295-A276-8D617D00F068}.Ad-Hoc|iPhoneSimulator.ActiveCfg = Release|Any CPU
		{BBEE37F7-48B2-4295-A276-8D617D00F068}.Ad-Hoc|iPhoneSimulator.Build.0 = Release|Any CPU
		{BBEE37F7-48B2-4295-A276-8D617D00F068}.Ad-Hoc|x64.ActiveCfg = Release|Any CPU
		{BBEE37F7-48B2-4295-A276-8D617D00F068}.Ad-Hoc|x64.Build.0 = Release|Any CPU
		{BBEE37F7-48B2-4295-A276-8D617D00F068}.Ad-Hoc|x86.ActiveCfg = Release|Any CPU
		{BBEE37F7-48B2-4295-A276-8D617D00F068}.Ad-Hoc|x86.Build.0 = Release|Any CPU
		{BBEE37F7-48B2-4295-A276-8D617D00F068}.AppStore|Any CPU.ActiveCfg = Release|Any CPU
		{BBEE37F7-48B2-4295-A276-8D617D00F068}.AppStore|Any CPU.Build.0 = Release|Any CPU
		{BBEE37F7-48B2-4295-A276-8D617D00F068}.AppStore|ARM.ActiveCfg = Release|Any CPU
		{BBEE37F7-48B2-4295-A276-8D617D00F068}.AppStore|ARM.Build.0 = Release|Any CPU
		{BBEE37F7-48B2-4295-A276-8D617D00F068}.AppStore|iPhone.ActiveCfg = Release|Any CPU
		{BBEE37F7-48B2-4295-A276-8D617D00F068}.AppStore|iPhone.Build.0 = Release|Any CPU
		{BBEE37F7-48B2-4295-A276-8D617D00F068}.AppStore|iPhoneSimulator.ActiveCfg = Release|Any CPU
		{BBEE37F7-48B2-4295-A276-8D617D00F068}.AppStore|iPhoneSimulator.Build.0 = Release|Any CPU
		{BBEE37F7-48B2-4295-A276-8D617D00F068}.AppStore|x64.ActiveCfg = Release|Any CPU
		{BBEE37F7-48B2-4295-A276-8D617D00F068}.AppStore|x64.Build.0 = Release|Any CPU
		{BBEE37F7-48B2-4295-A276-8D617D00F068}.AppStore|x86.ActiveCfg = Release|Any CPU
		{BBEE37F7-48B2-4295-A276-8D617D00F068}.AppStore|x86.Build.0 = Release|Any CPU
		{BBEE37F7-48B2-4295-A276-8D617D00F068}.Debug|Any CPU.ActiveCfg = Debug|Any CPU
		{BBEE37F7-48B2-4295-A276-8D617D00F068}.Debug|Any CPU.Build.0 = Debug|Any CPU
		{BBEE37F7-48B2-4295-A276-8D617D00F068}.Debug|ARM.ActiveCfg = Debug|Any CPU
		{BBEE37F7-48B2-4295-A276-8D617D00F068}.Debug|ARM.Build.0 = Debug|Any CPU
		{BBEE37F7-48B2-4295-A276-8D617D00F068}.Debug|iPhone.ActiveCfg = Debug|Any CPU
		{BBEE37F7-48B2-4295-A276-8D617D00F068}.Debug|iPhone.Build.0 = Debug|Any CPU
		{BBEE37F7-48B2-4295-A276-8D617D00F068}.Debug|iPhoneSimulator.ActiveCfg = Debug|Any CPU
		{BBEE37F7-48B2-4295-A276-8D617D00F068}.Debug|iPhoneSimulator.Build.0 = Debug|Any CPU
		{BBEE37F7-48B2-4295-A276-8D617D00F068}.Debug|x64.ActiveCfg = Debug|Any CPU
		{BBEE37F7-48B2-4295-A276-8D617D00F068}.Debug|x64.Build.0 = Debug|Any CPU
		{BBEE37F7-48B2-4295-A276-8D617D00F068}.Debug|x86.ActiveCfg = Debug|Any CPU
		{BBEE37F7-48B2-4295-A276-8D617D00F068}.Debug|x86.Build.0 = Debug|Any CPU
		{BBEE37F7-48B2-4295-A276-8D617D00F068}.Release|Any CPU.ActiveCfg = Release|Any CPU
		{BBEE37F7-48B2-4295-A276-8D617D00F068}.Release|Any CPU.Build.0 = Release|Any CPU
		{BBEE37F7-48B2-4295-A276-8D617D00F068}.Release|ARM.ActiveCfg = Release|Any CPU
		{BBEE37F7-48B2-4295-A276-8D617D00F068}.Release|ARM.Build.0 = Release|Any CPU
		{BBEE37F7-48B2-4295-A276-8D617D00F068}.Release|iPhone.ActiveCfg = Release|Any CPU
		{BBEE37F7-48B2-4295-A276-8D617D00F068}.Release|iPhone.Build.0 = Release|Any CPU
		{BBEE37F7-48B2-4295-A276-8D617D00F068}.Release|iPhoneSimulator.ActiveCfg = Release|Any CPU
		{BBEE37F7-48B2-4295-A276-8D617D00F068}.Release|iPhoneSimulator.Build.0 = Release|Any CPU
		{BBEE37F7-48B2-4295-A276-8D617D00F068}.Release|x64.ActiveCfg = Release|Any CPU
		{BBEE37F7-48B2-4295-A276-8D617D00F068}.Release|x64.Build.0 = Release|Any CPU
		{BBEE37F7-48B2-4295-A276-8D617D00F068}.Release|x86.ActiveCfg = Release|Any CPU
		{BBEE37F7-48B2-4295-A276-8D617D00F068}.Release|x86.Build.0 = Release|Any CPU
		{BE41368F-AC54-4E0A-968A-DFF9CA0BD0F2}.Ad-Hoc|Any CPU.ActiveCfg = Release|Any CPU
		{BE41368F-AC54-4E0A-968A-DFF9CA0BD0F2}.Ad-Hoc|Any CPU.Build.0 = Release|Any CPU
		{BE41368F-AC54-4E0A-968A-DFF9CA0BD0F2}.Ad-Hoc|ARM.ActiveCfg = Release|Any CPU
		{BE41368F-AC54-4E0A-968A-DFF9CA0BD0F2}.Ad-Hoc|ARM.Build.0 = Release|Any CPU
		{BE41368F-AC54-4E0A-968A-DFF9CA0BD0F2}.Ad-Hoc|iPhone.ActiveCfg = Release|Any CPU
		{BE41368F-AC54-4E0A-968A-DFF9CA0BD0F2}.Ad-Hoc|iPhone.Build.0 = Release|Any CPU
		{BE41368F-AC54-4E0A-968A-DFF9CA0BD0F2}.Ad-Hoc|iPhoneSimulator.ActiveCfg = Release|Any CPU
		{BE41368F-AC54-4E0A-968A-DFF9CA0BD0F2}.Ad-Hoc|iPhoneSimulator.Build.0 = Release|Any CPU
		{BE41368F-AC54-4E0A-968A-DFF9CA0BD0F2}.Ad-Hoc|x64.ActiveCfg = Release|Any CPU
		{BE41368F-AC54-4E0A-968A-DFF9CA0BD0F2}.Ad-Hoc|x64.Build.0 = Release|Any CPU
		{BE41368F-AC54-4E0A-968A-DFF9CA0BD0F2}.Ad-Hoc|x86.ActiveCfg = Release|Any CPU
		{BE41368F-AC54-4E0A-968A-DFF9CA0BD0F2}.Ad-Hoc|x86.Build.0 = Release|Any CPU
		{BE41368F-AC54-4E0A-968A-DFF9CA0BD0F2}.AppStore|Any CPU.ActiveCfg = Release|Any CPU
		{BE41368F-AC54-4E0A-968A-DFF9CA0BD0F2}.AppStore|Any CPU.Build.0 = Release|Any CPU
		{BE41368F-AC54-4E0A-968A-DFF9CA0BD0F2}.AppStore|ARM.ActiveCfg = Release|Any CPU
		{BE41368F-AC54-4E0A-968A-DFF9CA0BD0F2}.AppStore|ARM.Build.0 = Release|Any CPU
		{BE41368F-AC54-4E0A-968A-DFF9CA0BD0F2}.AppStore|iPhone.ActiveCfg = Release|Any CPU
		{BE41368F-AC54-4E0A-968A-DFF9CA0BD0F2}.AppStore|iPhone.Build.0 = Release|Any CPU
		{BE41368F-AC54-4E0A-968A-DFF9CA0BD0F2}.AppStore|iPhoneSimulator.ActiveCfg = Release|Any CPU
		{BE41368F-AC54-4E0A-968A-DFF9CA0BD0F2}.AppStore|iPhoneSimulator.Build.0 = Release|Any CPU
		{BE41368F-AC54-4E0A-968A-DFF9CA0BD0F2}.AppStore|x64.ActiveCfg = Release|Any CPU
		{BE41368F-AC54-4E0A-968A-DFF9CA0BD0F2}.AppStore|x64.Build.0 = Release|Any CPU
		{BE41368F-AC54-4E0A-968A-DFF9CA0BD0F2}.AppStore|x86.ActiveCfg = Release|Any CPU
		{BE41368F-AC54-4E0A-968A-DFF9CA0BD0F2}.AppStore|x86.Build.0 = Release|Any CPU
		{BE41368F-AC54-4E0A-968A-DFF9CA0BD0F2}.Debug|Any CPU.ActiveCfg = Debug|Any CPU
		{BE41368F-AC54-4E0A-968A-DFF9CA0BD0F2}.Debug|Any CPU.Build.0 = Debug|Any CPU
		{BE41368F-AC54-4E0A-968A-DFF9CA0BD0F2}.Debug|ARM.ActiveCfg = Debug|Any CPU
		{BE41368F-AC54-4E0A-968A-DFF9CA0BD0F2}.Debug|ARM.Build.0 = Debug|Any CPU
		{BE41368F-AC54-4E0A-968A-DFF9CA0BD0F2}.Debug|iPhone.ActiveCfg = Debug|Any CPU
		{BE41368F-AC54-4E0A-968A-DFF9CA0BD0F2}.Debug|iPhone.Build.0 = Debug|Any CPU
		{BE41368F-AC54-4E0A-968A-DFF9CA0BD0F2}.Debug|iPhoneSimulator.ActiveCfg = Debug|Any CPU
		{BE41368F-AC54-4E0A-968A-DFF9CA0BD0F2}.Debug|iPhoneSimulator.Build.0 = Debug|Any CPU
		{BE41368F-AC54-4E0A-968A-DFF9CA0BD0F2}.Debug|x64.ActiveCfg = Debug|Any CPU
		{BE41368F-AC54-4E0A-968A-DFF9CA0BD0F2}.Debug|x64.Build.0 = Debug|Any CPU
		{BE41368F-AC54-4E0A-968A-DFF9CA0BD0F2}.Debug|x86.ActiveCfg = Debug|Any CPU
		{BE41368F-AC54-4E0A-968A-DFF9CA0BD0F2}.Debug|x86.Build.0 = Debug|Any CPU
		{BE41368F-AC54-4E0A-968A-DFF9CA0BD0F2}.Release|Any CPU.ActiveCfg = Release|Any CPU
		{BE41368F-AC54-4E0A-968A-DFF9CA0BD0F2}.Release|Any CPU.Build.0 = Release|Any CPU
		{BE41368F-AC54-4E0A-968A-DFF9CA0BD0F2}.Release|ARM.ActiveCfg = Release|Any CPU
		{BE41368F-AC54-4E0A-968A-DFF9CA0BD0F2}.Release|ARM.Build.0 = Release|Any CPU
		{BE41368F-AC54-4E0A-968A-DFF9CA0BD0F2}.Release|iPhone.ActiveCfg = Release|Any CPU
		{BE41368F-AC54-4E0A-968A-DFF9CA0BD0F2}.Release|iPhone.Build.0 = Release|Any CPU
		{BE41368F-AC54-4E0A-968A-DFF9CA0BD0F2}.Release|iPhoneSimulator.ActiveCfg = Release|Any CPU
		{BE41368F-AC54-4E0A-968A-DFF9CA0BD0F2}.Release|iPhoneSimulator.Build.0 = Release|Any CPU
		{BE41368F-AC54-4E0A-968A-DFF9CA0BD0F2}.Release|x64.ActiveCfg = Release|Any CPU
		{BE41368F-AC54-4E0A-968A-DFF9CA0BD0F2}.Release|x64.Build.0 = Release|Any CPU
		{BE41368F-AC54-4E0A-968A-DFF9CA0BD0F2}.Release|x86.ActiveCfg = Release|Any CPU
		{BE41368F-AC54-4E0A-968A-DFF9CA0BD0F2}.Release|x86.Build.0 = Release|Any CPU
		{B3CA3821-87A2-4BC7-ACE4-626AD6F05CA8}.Ad-Hoc|Any CPU.ActiveCfg = Release|Any CPU
		{B3CA3821-87A2-4BC7-ACE4-626AD6F05CA8}.Ad-Hoc|Any CPU.Build.0 = Release|Any CPU
		{B3CA3821-87A2-4BC7-ACE4-626AD6F05CA8}.Ad-Hoc|ARM.ActiveCfg = Release|Any CPU
		{B3CA3821-87A2-4BC7-ACE4-626AD6F05CA8}.Ad-Hoc|ARM.Build.0 = Release|Any CPU
		{B3CA3821-87A2-4BC7-ACE4-626AD6F05CA8}.Ad-Hoc|iPhone.ActiveCfg = Release|Any CPU
		{B3CA3821-87A2-4BC7-ACE4-626AD6F05CA8}.Ad-Hoc|iPhone.Build.0 = Release|Any CPU
		{B3CA3821-87A2-4BC7-ACE4-626AD6F05CA8}.Ad-Hoc|iPhoneSimulator.ActiveCfg = Release|Any CPU
		{B3CA3821-87A2-4BC7-ACE4-626AD6F05CA8}.Ad-Hoc|iPhoneSimulator.Build.0 = Release|Any CPU
		{B3CA3821-87A2-4BC7-ACE4-626AD6F05CA8}.Ad-Hoc|x64.ActiveCfg = Release|Any CPU
		{B3CA3821-87A2-4BC7-ACE4-626AD6F05CA8}.Ad-Hoc|x64.Build.0 = Release|Any CPU
		{B3CA3821-87A2-4BC7-ACE4-626AD6F05CA8}.Ad-Hoc|x86.ActiveCfg = Release|Any CPU
		{B3CA3821-87A2-4BC7-ACE4-626AD6F05CA8}.Ad-Hoc|x86.Build.0 = Release|Any CPU
		{B3CA3821-87A2-4BC7-ACE4-626AD6F05CA8}.AppStore|Any CPU.ActiveCfg = Release|Any CPU
		{B3CA3821-87A2-4BC7-ACE4-626AD6F05CA8}.AppStore|Any CPU.Build.0 = Release|Any CPU
		{B3CA3821-87A2-4BC7-ACE4-626AD6F05CA8}.AppStore|ARM.ActiveCfg = Release|Any CPU
		{B3CA3821-87A2-4BC7-ACE4-626AD6F05CA8}.AppStore|ARM.Build.0 = Release|Any CPU
		{B3CA3821-87A2-4BC7-ACE4-626AD6F05CA8}.AppStore|iPhone.ActiveCfg = Release|Any CPU
		{B3CA3821-87A2-4BC7-ACE4-626AD6F05CA8}.AppStore|iPhone.Build.0 = Release|Any CPU
		{B3CA3821-87A2-4BC7-ACE4-626AD6F05CA8}.AppStore|iPhoneSimulator.ActiveCfg = Release|Any CPU
		{B3CA3821-87A2-4BC7-ACE4-626AD6F05CA8}.AppStore|iPhoneSimulator.Build.0 = Release|Any CPU
		{B3CA3821-87A2-4BC7-ACE4-626AD6F05CA8}.AppStore|x64.ActiveCfg = Release|Any CPU
		{B3CA3821-87A2-4BC7-ACE4-626AD6F05CA8}.AppStore|x64.Build.0 = Release|Any CPU
		{B3CA3821-87A2-4BC7-ACE4-626AD6F05CA8}.AppStore|x86.ActiveCfg = Release|Any CPU
		{B3CA3821-87A2-4BC7-ACE4-626AD6F05CA8}.AppStore|x86.Build.0 = Release|Any CPU
		{B3CA3821-87A2-4BC7-ACE4-626AD6F05CA8}.Debug|Any CPU.ActiveCfg = Debug|Any CPU
		{B3CA3821-87A2-4BC7-ACE4-626AD6F05CA8}.Debug|Any CPU.Build.0 = Debug|Any CPU
		{B3CA3821-87A2-4BC7-ACE4-626AD6F05CA8}.Debug|ARM.ActiveCfg = Debug|Any CPU
		{B3CA3821-87A2-4BC7-ACE4-626AD6F05CA8}.Debug|ARM.Build.0 = Debug|Any CPU
		{B3CA3821-87A2-4BC7-ACE4-626AD6F05CA8}.Debug|iPhone.ActiveCfg = Debug|Any CPU
		{B3CA3821-87A2-4BC7-ACE4-626AD6F05CA8}.Debug|iPhone.Build.0 = Debug|Any CPU
		{B3CA3821-87A2-4BC7-ACE4-626AD6F05CA8}.Debug|iPhoneSimulator.ActiveCfg = Debug|Any CPU
		{B3CA3821-87A2-4BC7-ACE4-626AD6F05CA8}.Debug|iPhoneSimulator.Build.0 = Debug|Any CPU
		{B3CA3821-87A2-4BC7-ACE4-626AD6F05CA8}.Debug|x64.ActiveCfg = Debug|Any CPU
		{B3CA3821-87A2-4BC7-ACE4-626AD6F05CA8}.Debug|x64.Build.0 = Debug|Any CPU
		{B3CA3821-87A2-4BC7-ACE4-626AD6F05CA8}.Debug|x86.ActiveCfg = Debug|Any CPU
		{B3CA3821-87A2-4BC7-ACE4-626AD6F05CA8}.Debug|x86.Build.0 = Debug|Any CPU
		{B3CA3821-87A2-4BC7-ACE4-626AD6F05CA8}.Release|Any CPU.ActiveCfg = Release|Any CPU
		{B3CA3821-87A2-4BC7-ACE4-626AD6F05CA8}.Release|Any CPU.Build.0 = Release|Any CPU
		{B3CA3821-87A2-4BC7-ACE4-626AD6F05CA8}.Release|ARM.ActiveCfg = Release|Any CPU
		{B3CA3821-87A2-4BC7-ACE4-626AD6F05CA8}.Release|ARM.Build.0 = Release|Any CPU
		{B3CA3821-87A2-4BC7-ACE4-626AD6F05CA8}.Release|iPhone.ActiveCfg = Release|Any CPU
		{B3CA3821-87A2-4BC7-ACE4-626AD6F05CA8}.Release|iPhone.Build.0 = Release|Any CPU
		{B3CA3821-87A2-4BC7-ACE4-626AD6F05CA8}.Release|iPhoneSimulator.ActiveCfg = Release|Any CPU
		{B3CA3821-87A2-4BC7-ACE4-626AD6F05CA8}.Release|iPhoneSimulator.Build.0 = Release|Any CPU
		{B3CA3821-87A2-4BC7-ACE4-626AD6F05CA8}.Release|x64.ActiveCfg = Release|Any CPU
		{B3CA3821-87A2-4BC7-ACE4-626AD6F05CA8}.Release|x64.Build.0 = Release|Any CPU
		{B3CA3821-87A2-4BC7-ACE4-626AD6F05CA8}.Release|x86.ActiveCfg = Release|Any CPU
		{B3CA3821-87A2-4BC7-ACE4-626AD6F05CA8}.Release|x86.Build.0 = Release|Any CPU
	EndGlobalSection
	GlobalSection(SolutionProperties) = preSolution
		HideSolutionNode = FALSE
	EndGlobalSection
	GlobalSection(ExtensibilityGlobals) = postSolution
		SolutionGuid = {C85828E5-A496-42B4-B5C3-DE90A83FDC04}
	EndGlobalSection
EndGlobal
